
Microsoft Visual Studio Solution File, Format Version 12.00
# Visual Studio 15
VisualStudioVersion = 15.0.27130.2027
MinimumVisualStudioVersion = 10.0.40219.1
Project("{FAE04EC0-301F-11D3-BF4B-00C04F79EFBC}") = "CSMP V2", "CSMP V2\CSMP V2.csproj", "{77D5C4C7-70BE-4E7B-B5D1-EA3414433665}"
EndProject
Project("{FAE04EC0-301F-11D3-BF4B-00C04F79EFBC}") = "PDAnozaUtilities", "..\PDAnozaUtilities\PDAnozaUtilities\PDAnozaUtilities.csproj", "{473D549B-C9D2-4036-82C7-A71E5F3AEA04}"
EndProject
Global
	GlobalSection(SolutionConfigurationPlatforms) = preSolution
		Debug|Any CPU = Debug|Any CPU
		Release|Any CPU = Release|Any CPU
	EndGlobalSection
	GlobalSection(ProjectConfigurationPlatforms) = postSolution
		{77D5C4C7-70BE-4E7B-B5D1-EA3414433665}.Debug|Any CPU.ActiveCfg = Debug|Any CPU
		{77D5C4C7-70BE-4E7B-B5D1-EA3414433665}.Debug|Any CPU.Build.0 = Debug|Any CPU
		{77D5C4C7-70BE-4E7B-B5D1-EA3414433665}.Release|Any CPU.ActiveCfg = Release|Any CPU
		{77D5C4C7-70BE-4E7B-B5D1-EA3414433665}.Release|Any CPU.Build.0 = Release|Any CPU
		{473D549B-C9D2-4036-82C7-A71E5F3AEA04}.Debug|Any CPU.ActiveCfg = Debug|Any CPU
		{473D549B-C9D2-4036-82C7-A71E5F3AEA04}.Debug|Any CPU.Build.0 = Debug|Any CPU
		{473D549B-C9D2-4036-82C7-A71E5F3AEA04}.Release|Any CPU.ActiveCfg = Release|Any CPU
		{473D549B-C9D2-4036-82C7-A71E5F3AEA04}.Release|Any CPU.Build.0 = Release|Any CPU
	EndGlobalSection
	GlobalSection(SolutionProperties) = preSolution
		HideSolutionNode = FALSE
	EndGlobalSection
	GlobalSection(ExtensibilityGlobals) = postSolution
		SolutionGuid = {C71FC0A7-BA2A-45F1-96E2-719D5EA8D6A1}
	EndGlobalSection
EndGlobal
